
Microsoft Visual Studio Solution File, Format Version 12.00
# Visual Studio Version 17
VisualStudioVersion = 17.2.32630.192
MinimumVisualStudioVersion = 10.0.40219.1
Project("{888888A0-9F3D-457C-B088-3A5042F75D52}") = "scraping", "scraping.pyproj", "{E9278652-651A-4F4C-9B4A-265B3DE457D5}"
EndProject
Global
	GlobalSection(SolutionConfigurationPlatforms) = preSolution
		Debug|Any CPU = Debug|Any CPU
		Release|Any CPU = Release|Any CPU
	EndGlobalSection
	GlobalSection(ProjectConfigurationPlatforms) = postSolution
		{E9278652-651A-4F4C-9B4A-265B3DE457D5}.Debug|Any CPU.ActiveCfg = Debug|Any CPU
		{E9278652-651A-4F4C-9B4A-265B3DE457D5}.Release|Any CPU.ActiveCfg = Release|Any CPU
	EndGlobalSection
	GlobalSection(SolutionProperties) = preSolution
		HideSolutionNode = FALSE
	EndGlobalSection
	GlobalSection(ExtensibilityGlobals) = postSolution
		SolutionGuid = {FD2D8DCC-3F4D-4D08-9D58-C5F5D7D4E4CC}
	EndGlobalSection
EndGlobal
